
Microsoft Visual Studio Solution File, Format Version 12.00
# Visual Studio 2012
Project("{FAE04EC0-301F-11D3-BF4B-00C04F79EFBC}") = "Prointern2", "Prointern2\Prointern2.csproj", "{292C4A29-AF26-402A-8FFE-295817B5C338}"
EndProject
Project("{FAE04EC0-301F-11D3-BF4B-00C04F79EFBC}") = "proLibrary", "proLibrary\proLibrary.csproj", "{11E2D8DE-BC48-4E24-BAC6-9128ACA4EEC2}"
EndProject
Global
	GlobalSection(SolutionConfigurationPlatforms) = preSolution
		Debug|Any CPU = Debug|Any CPU
		Release|Any CPU = Release|Any CPU
	EndGlobalSection
	GlobalSection(ProjectConfigurationPlatforms) = postSolution
		{292C4A29-AF26-402A-8FFE-295817B5C338}.Debug|Any CPU.ActiveCfg = Debug|Any CPU
		{292C4A29-AF26-402A-8FFE-295817B5C338}.Debug|Any CPU.Build.0 = Debug|Any CPU
		{292C4A29-AF26-402A-8FFE-295817B5C338}.Release|Any CPU.ActiveCfg = Release|Any CPU
		{292C4A29-AF26-402A-8FFE-295817B5C338}.Release|Any CPU.Build.0 = Release|Any CPU
		{11E2D8DE-BC48-4E24-BAC6-9128ACA4EEC2}.Debug|Any CPU.ActiveCfg = Debug|Any CPU
		{11E2D8DE-BC48-4E24-BAC6-9128ACA4EEC2}.Debug|Any CPU.Build.0 = Debug|Any CPU
		{11E2D8DE-BC48-4E24-BAC6-9128ACA4EEC2}.Release|Any CPU.ActiveCfg = Release|Any CPU
		{11E2D8DE-BC48-4E24-BAC6-9128ACA4EEC2}.Release|Any CPU.Build.0 = Release|Any CPU
	EndGlobalSection
	GlobalSection(SolutionProperties) = preSolution
		HideSolutionNode = FALSE
	EndGlobalSection
EndGlobal
